// !$*UTF8*$!
{
	archiveVersion = 1;
	classes = {
	};
	objectVersion = 56;
	objects = {

/* Begin PBXBuildFile section */
		7F2BC0E52E339D7400F01C1B /* CryptoTrackerApp.swift in Sources */ = {isa = PBXBuildFile; fileRef = 7F2BC0E42E339D7400F01C1B /* CryptoTrackerApp.swift */; };
		7F2BC0E72E339D7400F01C1B /* ContentView.swift in Sources */ = {isa = PBXBuildFile; fileRef = 7F2BC0E62E339D7400F01C1B /* ContentView.swift */; };
		7F2BC0E92E339D8700F01C1B /* Assets.xcassets in Resources */ = {isa = PBXBuildFile; fileRef = 7F2BC0E82E339D8700F01C1B /* Assets.xcassets */; };
		7F2BC0EC2E339D8700F01C1B /* Preview Assets.xcassets in Resources */ = {isa = PBXBuildFile; fileRef = 7F2BC0EB2E339D8700F01C1B /* Preview Assets.xcassets */; };
		7F2BC0F42E339DC500F01C1B /* Crypto.swift in Sources */ = {isa = PBXBuildFile; fileRef = 7F2BC0F32E339DC500F01C1B /* Crypto.swift */; };
		7F2BC0F72E339DF600F01C1B /* APIService.swift in Sources */ = {isa = PBXBuildFile; fileRef = 7F2BC0F62E339DF600F01C1B /* APIService.swift */; };
		7F2BC0FA2E339E3900F01C1B /* CryptoListViewModel.swift in Sources */ = {isa = PBXBuildFile; fileRef = 7F2BC0F92E339E3900F01C1B /* CryptoListViewModel.swift */; };
		7F2BC0FD2E339E5800F01C1B /* CryptoListView.swift in Sources */ = {isa = PBXBuildFile; fileRef = 7F2BC0FC2E339E5800F01C1B /* CryptoListView.swift */; };
		7F2BC0FF2E339EC600F01C1B /* ChartData.swift in Sources */ = {isa = PBXBuildFile; fileRef = 7F2BC0FE2E339EC600F01C1B /* ChartData.swift */; };
		7F2BC1012E339EE100F01C1B /* CryptoDetailViewModel.swift in Sources */ = {isa = PBXBuildFile; fileRef = 7F2BC1002E339EE100F01C1B /* CryptoDetailViewModel.swift */; };
		7F2BC1032E339F0600F01C1B /* ChartView.swift in Sources */ = {isa = PBXBuildFile; fileRef = 7F2BC1022E339F0600F01C1B /* ChartView.swift */; };
		7F2BC1052E339F2D00F01C1B /* CryptoDetailView.swift in Sources */ = {isa = PBXBuildFile; fileRef = 7F2BC1042E339F2D00F01C1B /* CryptoDetailView.swift */; };
		7F2BC1072E339FCF00F01C1B /* CryptoRowView.swift in Sources */ = {isa = PBXBuildFile; fileRef = 7F2BC1062E339FCF00F01C1B /* CryptoRowView.swift */; };
		7F2BC10A2E33A0AA00F01C1B /* FavoritesManager.swift in Sources */ = {isa = PBXBuildFile; fileRef = 7F2BC1092E33A0AA00F01C1B /* FavoritesManager.swift */; };
/* End PBXBuildFile section */

/* Begin PBXFileReference section */
		7F2BC0E12E339D7400F01C1B /* CryptoTracker.app */ = {isa = PBXFileReference; explicitFileType = wrapper.application; includeInIndex = 0; path = CryptoTracker.app; sourceTree = BUILT_PRODUCTS_DIR; };
		7F2BC0E42E339D7400F01C1B /* CryptoTrackerApp.swift */ = {isa = PBXFileReference; lastKnownFileType = sourcecode.swift; path = CryptoTrackerApp.swift; sourceTree = "<group>"; };
		7F2BC0E62E339D7400F01C1B /* ContentView.swift */ = {isa = PBXFileReference; lastKnownFileType = sourcecode.swift; path = ContentView.swift; sourceTree = "<group>"; };
		7F2BC0E82E339D8700F01C1B /* Assets.xcassets */ = {isa = PBXFileReference; lastKnownFileType = folder.assetcatalog; path = Assets.xcassets; sourceTree = "<group>"; };
		7F2BC0EB2E339D8700F01C1B /* Preview Assets.xcassets */ = {isa = PBXFileReference; lastKnownFileType = folder.assetcatalog; path = "Preview Assets.xcassets"; sourceTree = "<group>"; };
		7F2BC0F32E339DC500F01C1B /* Crypto.swift */ = {isa = PBXFileReference; lastKnownFileType = sourcecode.swift; path = Crypto.swift; sourceTree = "<group>"; };
		7F2BC0F62E339DF600F01C1B /* APIService.swift */ = {isa = PBXFileReference; lastKnownFileType = sourcecode.swift; path = APIService.swift; sourceTree = "<group>"; };
		7F2BC0F92E339E3900F01C1B /* CryptoListViewModel.swift */ = {isa = PBXFileReference; lastKnownFileType = sourcecode.swift; path = CryptoListViewModel.swift; sourceTree = "<group>"; };
		7F2BC0FC2E339E5800F01C1B /* CryptoListView.swift */ = {isa = PBXFileReference; lastKnownFileType = sourcecode.swift; path = CryptoListView.swift; sourceTree = "<group>"; };
		7F2BC0FE2E339EC600F01C1B /* ChartData.swift */ = {isa = PBXFileReference; lastKnownFileType = sourcecode.swift; path = ChartData.swift; sourceTree = "<group>"; };
		7F2BC1002E339EE100F01C1B /* CryptoDetailViewModel.swift */ = {isa = PBXFileReference; lastKnownFileType = sourcecode.swift; path = CryptoDetailViewModel.swift; sourceTree = "<group>"; };
		7F2BC1022E339F0600F01C1B /* ChartView.swift */ = {isa = PBXFileReference; lastKnownFileType = sourcecode.swift; path = ChartView.swift; sourceTree = "<group>"; };
		7F2BC1042E339F2D00F01C1B /* CryptoDetailView.swift */ = {isa = PBXFileReference; lastKnownFileType = sourcecode.swift; path = CryptoDetailView.swift; sourceTree = "<group>"; };
		7F2BC1062E339FCF00F01C1B /* CryptoRowView.swift */ = {isa = PBXFileReference; lastKnownFileType = sourcecode.swift; path = CryptoRowView.swift; sourceTree = "<group>"; };
		7F2BC1092E33A0AA00F01C1B /* FavoritesManager.swift */ = {isa = PBXFileReference; lastKnownFileType = sourcecode.swift; path = FavoritesManager.swift; sourceTree = "<group>"; };
/* End PBXFileReference section */

/* Begin PBXFrameworksBuildPhase section */
		7F2BC0DE2E339D7400F01C1B /* Frameworks */ = {
			isa = PBXFrameworksBuildPhase;
			buildActionMask = 2147483647;
			files = (
			);
			runOnlyForDeploymentPostprocessing = 0;
		};
/* End PBXFrameworksBuildPhase section */

/* Begin PBXGroup section */
		7F2BC0D82E339D7300F01C1B = {
			isa = PBXGroup;
			children = (
				7F2BC0E32E339D7400F01C1B /* CryptoTracker */,
				7F2BC0E22E339D7400F01C1B /* Products */,
			);
			sourceTree = "<group>";
		};
		7F2BC0E22E339D7400F01C1B /* Products */ = {
			isa = PBXGroup;
			children = (
				7F2BC0E12E339D7400F01C1B /* CryptoTracker.app */,
			);
			name = Products;
			sourceTree = "<group>";
		};
		7F2BC0E32E339D7400F01C1B /* CryptoTracker */ = {
			isa = PBXGroup;
			children = (
				7F2BC0FB2E339E4B00F01C1B /* Views */,
				7F2BC0F82E339E1800F01C1B /* ViewModels */,
				7F2BC0F52E339DD600F01C1B /* Services */,
				7F2BC0F22E339DB000F01C1B /* Models */,
				7F2BC0E42E339D7400F01C1B /* CryptoTrackerApp.swift */,
				7F2BC0E62E339D7400F01C1B /* ContentView.swift */,
				7F2BC0E82E339D8700F01C1B /* Assets.xcassets */,
				7F2BC0EA2E339D8700F01C1B /* Preview Content */,
			);
			path = CryptoTracker;
			sourceTree = "<group>";
		};
		7F2BC0EA2E339D8700F01C1B /* Preview Content */ = {
			isa = PBXGroup;
			children = (
				7F2BC0EB2E339D8700F01C1B /* Preview Assets.xcassets */,
			);
			path = "Preview Content";
			sourceTree = "<group>";
		};
		7F2BC0F22E339DB000F01C1B /* Models */ = {
			isa = PBXGroup;
			children = (
				7F2BC0F32E339DC500F01C1B /* Crypto.swift */,
				7F2BC0FE2E339EC600F01C1B /* ChartData.swift */,
			);
			path = Models;
			sourceTree = "<group>";
		};
		7F2BC0F52E339DD600F01C1B /* Services */ = {
			isa = PBXGroup;
			children = (
				7F2BC0F62E339DF600F01C1B /* APIService.swift */,
			);
			path = Services;
			sourceTree = "<group>";
		};
		7F2BC0F82E339E1800F01C1B /* ViewModels */ = {
			isa = PBXGroup;
			children = (
				7F2BC1082E33A09100F01C1B /* Managers */,
				7F2BC0F92E339E3900F01C1B /* CryptoListViewModel.swift */,
				7F2BC1002E339EE100F01C1B /* CryptoDetailViewModel.swift */,
			);
			path = ViewModels;
			sourceTree = "<group>";
		};
		7F2BC0FB2E339E4B00F01C1B /* Views */ = {
			isa = PBXGroup;
			children = (
				7F2BC0FC2E339E5800F01C1B /* CryptoListView.swift */,
				7F2BC1022E339F0600F01C1B /* ChartView.swift */,
				7F2BC1042E339F2D00F01C1B /* CryptoDetailView.swift */,
				7F2BC1062E339FCF00F01C1B /* CryptoRowView.swift */,
			);
			path = Views;
			sourceTree = "<group>";
		};
		7F2BC1082E33A09100F01C1B /* Managers */ = {
			isa = PBXGroup;
			children = (
				7F2BC1092E33A0AA00F01C1B /* FavoritesManager.swift */,
			);
			path = Managers;
			sourceTree = "<group>";
		};
/* End PBXGroup section */

/* Begin PBXNativeTarget section */
		7F2BC0E02E339D7400F01C1B /* CryptoTracker */ = {
			isa = PBXNativeTarget;
			buildConfigurationList = 7F2BC0EF2E339D8700F01C1B /* Build configuration list for PBXNativeTarget "CryptoTracker" */;
			buildPhases = (
				7F2BC0DD2E339D7400F01C1B /* Sources */,
				7F2BC0DE2E339D7400F01C1B /* Frameworks */,
				7F2BC0DF2E339D7400F01C1B /* Resources */,
			);
			buildRules = (
			);
			dependencies = (
			);
			name = CryptoTracker;
			productName = CryptoTracker;
			productReference = 7F2BC0E12E339D7400F01C1B /* CryptoTracker.app */;
			productType = "com.apple.product-type.application";
		};
/* End PBXNativeTarget section */

/* Begin PBXProject section */
		7F2BC0D92E339D7300F01C1B /* Project object */ = {
			isa = PBXProject;
			attributes = {
				BuildIndependentTargetsInParallel = 1;
				LastSwiftUpdateCheck = 1520;
				LastUpgradeCheck = 1520;
				TargetAttributes = {
					7F2BC0E02E339D7400F01C1B = {
						CreatedOnToolsVersion = 15.2;
					};
				};
			};
			buildConfigurationList = 7F2BC0DC2E339D7300F01C1B /* Build configuration list for PBXProject "CryptoTracker" */;
			compatibilityVersion = "Xcode 14.0";
			developmentRegion = en;
			hasScannedForEncodings = 0;
			knownRegions = (
				en,
				Base,
			);
			mainGroup = 7F2BC0D82E339D7300F01C1B;
			productRefGroup = 7F2BC0E22E339D7400F01C1B /* Products */;
			projectDirPath = "";
			projectRoot = "";
			targets = (
				7F2BC0E02E339D7400F01C1B /* CryptoTracker */,
			);
		};
/* End PBXProject section */

/* Begin PBXResourcesBuildPhase section */
		7F2BC0DF2E339D7400F01C1B /* Resources */ = {
			isa = PBXResourcesBuildPhase;
			buildActionMask = 2147483647;
			files = (
				7F2BC0EC2E339D8700F01C1B /* Preview Assets.xcassets in Resources */,
				7F2BC0E92E339D8700F01C1B /* Assets.xcassets in Resources */,
			);
			runOnlyForDeploymentPostprocessing = 0;
		};
/* End PBXResourcesBuildPhase section */

/* Begin PBXSourcesBuildPhase section */
		7F2BC0DD2E339D7400F01C1B /* Sources */ = {
			isa = PBXSourcesBuildPhase;
			buildActionMask = 2147483647;
			files = (
				7F2BC0FA2E339E3900F01C1B /* CryptoListViewModel.swift in Sources */,
				7F2BC1072E339FCF00F01C1B /* CryptoRowView.swift in Sources */,
				7F2BC0F42E339DC500F01C1B /* Crypto.swift in Sources */,
				7F2BC1052E339F2D00F01C1B /* CryptoDetailView.swift in Sources */,
				7F2BC0E72E339D7400F01C1B /* ContentView.swift in Sources */,
				7F2BC0F72E339DF600F01C1B /* APIService.swift in Sources */,
				7F2BC0FF2E339EC600F01C1B /* ChartData.swift in Sources */,
				7F2BC10A2E33A0AA00F01C1B /* FavoritesManager.swift in Sources */,
				7F2BC1032E339F0600F01C1B /* ChartView.swift in Sources */,
				7F2BC0E52E339D7400F01C1B /* CryptoTrackerApp.swift in Sources */,
				7F2BC1012E339EE100F01C1B /* CryptoDetailViewModel.swift in Sources */,
				7F2BC0FD2E339E5800F01C1B /* CryptoListView.swift in Sources */,
			);
			runOnlyForDeploymentPostprocessing = 0;
		};
/* End PBXSourcesBuildPhase section */

/* Begin XCBuildConfiguration section */
		7F2BC0ED2E339D8700F01C1B /* Debug */ = {
			isa = XCBuildConfiguration;
			buildSettings = {
				ALWAYS_SEARCH_USER_PATHS = NO;
				ASSETCATALOG_COMPILER_GENERATE_SWIFT_ASSET_SYMBOL_EXTENSIONS = YES;
				CLANG_ANALYZER_NONNULL = YES;
				CLANG_ANALYZER_NUMBER_OBJECT_CONVERSION = YES_AGGRESSIVE;
				CLANG_CXX_LANGUAGE_STANDARD = "gnu++20";
				CLANG_ENABLE_MODULES = YES;
				CLANG_ENABLE_OBJC_ARC = YES;
				CLANG_ENABLE_OBJC_WEAK = YES;
				CLANG_WARN_BLOCK_CAPTURE_AUTORELEASING = YES;
				CLANG_WARN_BOOL_CONVERSION = YES;
				CLANG_WARN_COMMA = YES;
				CLANG_WARN_CONSTANT_CONVERSION = YES;
				CLANG_WARN_DEPRECATED_OBJC_IMPLEMENTATIONS = YES;
				CLANG_WARN_DIRECT_OBJC_ISA_USAGE = YES_ERROR;
				CLANG_WARN_DOCUMENTATION_COMMENTS = YES;
				CLANG_WARN_EMPTY_BODY = YES;
				CLANG_WARN_ENUM_CONVERSION = YES;
				CLANG_WARN_INFINITE_RECURSION = YES;
				CLANG_WARN_INT_CONVERSION = YES;
				CLANG_WARN_NON_LITERAL_NULL_CONVERSION = YES;
				CLANG_WARN_OBJC_IMPLICIT_RETAIN_SELF = YES;
				CLANG_WARN_OBJC_LITERAL_CONVERSION = YES;
				CLANG_WARN_OBJC_ROOT_CLASS = YES_ERROR;
				CLANG_WARN_QUOTED_INCLUDE_IN_FRAMEWORK_HEADER = YES;
				CLANG_WARN_RANGE_LOOP_ANALYSIS = YES;
				CLANG_WARN_STRICT_PROTOTYPES = YES;
				CLANG_WARN_SUSPICIOUS_MOVE = YES;
				CLANG_WARN_UNGUARDED_AVAILABILITY = YES_AGGRESSIVE;
				CLANG_WARN_UNREACHABLE_CODE = YES;
				CLANG_WARN__DUPLICATE_METHOD_MATCH = YES;
				COPY_PHASE_STRIP = NO;
				DEBUG_INFORMATION_FORMAT = dwarf;
				ENABLE_STRICT_OBJC_MSGSEND = YES;
				ENABLE_TESTABILITY = YES;
				ENABLE_USER_SCRIPT_SANDBOXING = YES;
				GCC_C_LANGUAGE_STANDARD = gnu17;
				GCC_DYNAMIC_NO_PIC = NO;
				GCC_NO_COMMON_BLOCKS = YES;
				GCC_OPTIMIZATION_LEVEL = 0;
				GCC_PREPROCESSOR_DEFINITIONS = (
					"DEBUG=1",
					"$(inherited)",
				);
				GCC_WARN_64_TO_32_BIT_CONVERSION = YES;
				GCC_WARN_ABOUT_RETURN_TYPE = YES_ERROR;
				GCC_WARN_UNDECLARED_SELECTOR = YES;
				GCC_WARN_UNINITIALIZED_AUTOS = YES_AGGRESSIVE;
				GCC_WARN_UNUSED_FUNCTION = YES;
				GCC_WARN_UNUSED_VARIABLE = YES;
				IPHONEOS_DEPLOYMENT_TARGET = 17.2;
				LOCALIZATION_PREFERS_STRING_CATALOGS = YES;
				MTL_ENABLE_DEBUG_INFO = INCLUDE_SOURCE;
				MTL_FAST_MATH = YES;
				ONLY_ACTIVE_ARCH = YES;
				SDKROOT = iphoneos;
				SWIFT_ACTIVE_COMPILATION_CONDITIONS = "DEBUG $(inherited)";
				SWIFT_OPTIMIZATION_LEVEL = "-Onone";
			};
			name = Debug;
		};
		7F2BC0EE2E339D8700F01C1B /* Release */ = {
			isa = XCBuildConfiguration;
			buildSettings = {
				ALWAYS_SEARCH_USER_PATHS = NO;
				ASSETCATALOG_COMPILER_GENERATE_SWIFT_ASSET_SYMBOL_EXTENSIONS = YES;
				CLANG_ANALYZER_NONNULL = YES;
				CLANG_ANALYZER_NUMBER_OBJECT_CONVERSION = YES_AGGRESSIVE;
				CLANG_CXX_LANGUAGE_STANDARD = "gnu++20";
				CLANG_ENABLE_MODULES = YES;
				CLANG_ENABLE_OBJC_ARC = YES;
				CLANG_ENABLE_OBJC_WEAK = YES;
				CLANG_WARN_BLOCK_CAPTURE_AUTORELEASING = YES;
				CLANG_WARN_BOOL_CONVERSION = YES;
				CLANG_WARN_COMMA = YES;
				CLANG_WARN_CONSTANT_CONVERSION = YES;
				CLANG_WARN_DEPRECATED_OBJC_IMPLEMENTATIONS = YES;
				CLANG_WARN_DIRECT_OBJC_ISA_USAGE = YES_ERROR;
				CLANG_WARN_DOCUMENTATION_COMMENTS = YES;
				CLANG_WARN_EMPTY_BODY = YES;
				CLANG_WARN_ENUM_CONVERSION = YES;
				CLANG_WARN_INFINITE_RECURSION = YES;
				CLANG_WARN_INT_CONVERSION = YES;
				CLANG_WARN_NON_LITERAL_NULL_CONVERSION = YES;
				CLANG_WARN_OBJC_IMPLICIT_RETAIN_SELF = YES;
				CLANG_WARN_OBJC_LITERAL_CONVERSION = YES;
				CLANG_WARN_OBJC_ROOT_CLASS = YES_ERROR;
				CLANG_WARN_QUOTED_INCLUDE_IN_FRAMEWORK_HEADER = YES;
				CLANG_WARN_RANGE_LOOP_ANALYSIS = YES;
				CLANG_WARN_STRICT_PROTOTYPES = YES;
				CLANG_WARN_SUSPICIOUS_MOVE = YES;
				CLANG_WARN_UNGUARDED_AVAILABILITY = YES_AGGRESSIVE;
				CLANG_WARN_UNREACHABLE_CODE = YES;
				CLANG_WARN__DUPLICATE_METHOD_MATCH = YES;
				COPY_PHASE_STRIP = NO;
				DEBUG_INFORMATION_FORMAT = "dwarf-with-dsym";
				ENABLE_NS_ASSERTIONS = NO;
				ENABLE_STRICT_OBJC_MSGSEND = YES;
				ENABLE_USER_SCRIPT_SANDBOXING = YES;
				GCC_C_LANGUAGE_STANDARD = gnu17;
				GCC_NO_COMMON_BLOCKS = YES;
				GCC_WARN_64_TO_32_BIT_CONVERSION = YES;
				GCC_WARN_ABOUT_RETURN_TYPE = YES_ERROR;
				GCC_WARN_UNDECLARED_SELECTOR = YES;
				GCC_WARN_UNINITIALIZED_AUTOS = YES_AGGRESSIVE;
				GCC_WARN_UNUSED_FUNCTION = YES;
				GCC_WARN_UNUSED_VARIABLE = YES;
				IPHONEOS_DEPLOYMENT_TARGET = 17.2;
				LOCALIZATION_PREFERS_STRING_CATALOGS = YES;
				MTL_ENABLE_DEBUG_INFO = NO;
				MTL_FAST_MATH = YES;
				SDKROOT = iphoneos;
				SWIFT_COMPILATION_MODE = wholemodule;
				VALIDATE_PRODUCT = YES;
			};
			name = Release;
		};
		7F2BC0F02E339D8700F01C1B /* Debug */ = {
			isa = XCBuildConfiguration;
			buildSettings = {
				ASSETCATALOG_COMPILER_APPICON_NAME = AppIcon;
				ASSETCATALOG_COMPILER_GLOBAL_ACCENT_COLOR_NAME = AccentColor;
				CODE_SIGN_STYLE = Automatic;
				CURRENT_PROJECT_VERSION = 1;
				DEVELOPMENT_ASSET_PATHS = "\"CryptoTracker/Preview Content\"";
				DEVELOPMENT_TEAM = 6RBG9MRQ34;
				ENABLE_PREVIEWS = YES;
				GENERATE_INFOPLIST_FILE = YES;
				INFOPLIST_KEY_UIApplicationSceneManifest_Generation = YES;
				INFOPLIST_KEY_UIApplicationSupportsIndirectInputEvents = YES;
				INFOPLIST_KEY_UILaunchScreen_Generation = YES;
				INFOPLIST_KEY_UISupportedInterfaceOrientations_iPad = "UIInterfaceOrientationPortrait UIInterfaceOrientationPortraitUpsideDown UIInterfaceOrientationLandscapeLeft UIInterfaceOrientationLandscapeRight";
				INFOPLIST_KEY_UISupportedInterfaceOrientations_iPhone = "UIInterfaceOrientationPortrait UIInterfaceOrientationLandscapeLeft UIInterfaceOrientationLandscapeRight";
				LD_RUNPATH_SEARCH_PATHS = (
					"$(inherited)",
					"@executable_path/Frameworks",
				);
				MARKETING_VERSION = 1.0;
				PRODUCT_BUNDLE_IDENTIFIER = AR.CryptoTracker;
				PRODUCT_NAME = "$(TARGET_NAME)";
				SWIFT_EMIT_LOC_STRINGS = YES;
				SWIFT_VERSION = 5.0;
				TARGETED_DEVICE_FAMILY = "1,2";
			};
			name = Debug;
		};
		7F2BC0F12E339D8700F01C1B /* Release */ = {
			isa = XCBuildConfiguration;
			buildSettings = {
				ASSETCATALOG_COMPILER_APPICON_NAME = AppIcon;
				ASSETCATALOG_COMPILER_GLOBAL_ACCENT_COLOR_NAME = AccentColor;
				CODE_SIGN_STYLE = Automatic;
				CURRENT_PROJECT_VERSION = 1;
				DEVELOPMENT_ASSET_PATHS = "\"CryptoTracker/Preview Content\"";
				DEVELOPMENT_TEAM = 6RBG9MRQ34;
				ENABLE_PREVIEWS = YES;
				GENERATE_INFOPLIST_FILE = YES;
				INFOPLIST_KEY_UIApplicationSceneManifest_Generation = YES;
				INFOPLIST_KEY_UIApplicationSupportsIndirectInputEvents = YES;
				INFOPLIST_KEY_UILaunchScreen_Generation = YES;
				INFOPLIST_KEY_UISupportedInterfaceOrientations_iPad = "UIInterfaceOrientationPortrait UIInterfaceOrientationPortraitUpsideDown UIInterfaceOrientationLandscapeLeft UIInterfaceOrientationLandscapeRight";
				INFOPLIST_KEY_UISupportedInterfaceOrientations_iPhone = "UIInterfaceOrientationPortrait UIInterfaceOrientationLandscapeLeft UIInterfaceOrientationLandscapeRight";
				LD_RUNPATH_SEARCH_PATHS = (
					"$(inherited)",
					"@executable_path/Frameworks",
				);
				MARKETING_VERSION = 1.0;
				PRODUCT_BUNDLE_IDENTIFIER = AR.CryptoTracker;
				PRODUCT_NAME = "$(TARGET_NAME)";
				SWIFT_EMIT_LOC_STRINGS = YES;
				SWIFT_VERSION = 5.0;
				TARGETED_DEVICE_FAMILY = "1,2";
			};
			name = Release;
		};
/* End XCBuildConfiguration section */

/* Begin XCConfigurationList section */
		7F2BC0DC2E339D7300F01C1B /* Build configuration list for PBXProject "CryptoTracker" */ = {
			isa = XCConfigurationList;
			buildConfigurations = (
				7F2BC0ED2E339D8700F01C1B /* Debug */,
				7F2BC0EE2E339D8700F01C1B /* Release */,
			);
			defaultConfigurationIsVisible = 0;
			defaultConfigurationName = Release;
		};
		7F2BC0EF2E339D8700F01C1B /* Build configuration list for PBXNativeTarget "CryptoTracker" */ = {
			isa = XCConfigurationList;
			buildConfigurations = (
				7F2BC0F02E339D8700F01C1B /* Debug */,
				7F2BC0F12E339D8700F01C1B /* Release */,
			);
			defaultConfigurationIsVisible = 0;
			defaultConfigurationName = Release;
		};
/* End XCConfigurationList section */
	};
	rootObject = 7F2BC0D92E339D7300F01C1B /* Project object */;
}
